
Microsoft Visual Studio Solution File, Format Version 12.00
# Visual Studio Version 17
VisualStudioVersion = 17.8.34525.116
MinimumVisualStudioVersion = 10.0.40219.1
Project("{9A19103F-16F7-4668-BE54-9A1E7A4F7556}") = "Problem1_01", "Problem1_01\Problem1_01.csproj", "{80EB9CCB-4D58-4B5D-A33B-185D02353ECC}"
EndProject
Project("{9A19103F-16F7-4668-BE54-9A1E7A4F7556}") = "Problem1_02", "Problem1_02\Problem1_02.csproj", "{83A246DD-1B70-4074-A886-0D4B8E2AD895}"
EndProject
Project("{9A19103F-16F7-4668-BE54-9A1E7A4F7556}") = "Problem2_01", "Problem2_01\Problem2_01.csproj", "{BF0A40C4-6002-44B0-BB9F-F05D35DBC3B0}"
EndProject
Project("{9A19103F-16F7-4668-BE54-9A1E7A4F7556}") = "Problem2_02", "Problem2_02\Problem2_02.csproj", "{67133C52-066D-4F53-9A72-56EB71CBF3F8}"
EndProject
Project("{FAE04EC0-301F-11D3-BF4B-00C04F79EFBC}") = "Problem1-02_v2", "Problem1-02_v2\Problem1-02_v2.csproj", "{ADA014AC-71BE-4FC3-B969-A5ABC2BE8C9E}"
EndProject
Global
	GlobalSection(SolutionConfigurationPlatforms) = preSolution
		Debug|Any CPU = Debug|Any CPU
		Release|Any CPU = Release|Any CPU
	EndGlobalSection
	GlobalSection(ProjectConfigurationPlatforms) = postSolution
		{80EB9CCB-4D58-4B5D-A33B-185D02353ECC}.Debug|Any CPU.ActiveCfg = Debug|Any CPU
		{80EB9CCB-4D58-4B5D-A33B-185D02353ECC}.Debug|Any CPU.Build.0 = Debug|Any CPU
		{80EB9CCB-4D58-4B5D-A33B-185D02353ECC}.Release|Any CPU.ActiveCfg = Release|Any CPU
		{80EB9CCB-4D58-4B5D-A33B-185D02353ECC}.Release|Any CPU.Build.0 = Release|Any CPU
		{83A246DD-1B70-4074-A886-0D4B8E2AD895}.Debug|Any CPU.ActiveCfg = Debug|Any CPU
		{83A246DD-1B70-4074-A886-0D4B8E2AD895}.Debug|Any CPU.Build.0 = Debug|Any CPU
		{83A246DD-1B70-4074-A886-0D4B8E2AD895}.Release|Any CPU.ActiveCfg = Release|Any CPU
		{83A246DD-1B70-4074-A886-0D4B8E2AD895}.Release|Any CPU.Build.0 = Release|Any CPU
		{BF0A40C4-6002-44B0-BB9F-F05D35DBC3B0}.Debug|Any CPU.ActiveCfg = Debug|Any CPU
		{BF0A40C4-6002-44B0-BB9F-F05D35DBC3B0}.Debug|Any CPU.Build.0 = Debug|Any CPU
		{BF0A40C4-6002-44B0-BB9F-F05D35DBC3B0}.Release|Any CPU.ActiveCfg = Release|Any CPU
		{BF0A40C4-6002-44B0-BB9F-F05D35DBC3B0}.Release|Any CPU.Build.0 = Release|Any CPU
		{67133C52-066D-4F53-9A72-56EB71CBF3F8}.Debug|Any CPU.ActiveCfg = Debug|Any CPU
		{67133C52-066D-4F53-9A72-56EB71CBF3F8}.Debug|Any CPU.Build.0 = Debug|Any CPU
		{67133C52-066D-4F53-9A72-56EB71CBF3F8}.Release|Any CPU.ActiveCfg = Release|Any CPU
		{67133C52-066D-4F53-9A72-56EB71CBF3F8}.Release|Any CPU.Build.0 = Release|Any CPU
		{ADA014AC-71BE-4FC3-B969-A5ABC2BE8C9E}.Debug|Any CPU.ActiveCfg = Debug|Any CPU
		{ADA014AC-71BE-4FC3-B969-A5ABC2BE8C9E}.Debug|Any CPU.Build.0 = Debug|Any CPU
		{ADA014AC-71BE-4FC3-B969-A5ABC2BE8C9E}.Release|Any CPU.ActiveCfg = Release|Any CPU
		{ADA014AC-71BE-4FC3-B969-A5ABC2BE8C9E}.Release|Any CPU.Build.0 = Release|Any CPU
	EndGlobalSection
	GlobalSection(SolutionProperties) = preSolution
		HideSolutionNode = FALSE
	EndGlobalSection
	GlobalSection(ExtensibilityGlobals) = postSolution
		SolutionGuid = {251316C9-0494-46C6-9B03-813DD0DD282B}
	EndGlobalSection
EndGlobal
