
Microsoft Visual Studio Solution File, Format Version 12.00
# Visual Studio Version 17
VisualStudioVersion = 17.8.34330.188
MinimumVisualStudioVersion = 10.0.40219.1
Project("{FAE04EC0-301F-11D3-BF4B-00C04F79EFBC}") = "HelloSoftUni", "HelloSoftUni\HelloSoftUni.csproj", "{869B33BE-EEB8-4B29-A7D9-A77134FD1163}"
EndProject
Global
	GlobalSection(SolutionConfigurationPlatforms) = preSolution
		Debug|Any CPU = Debug|Any CPU
		Release|Any CPU = Release|Any CPU
	EndGlobalSection
	GlobalSection(ProjectConfigurationPlatforms) = postSolution
		{869B33BE-EEB8-4B29-A7D9-A77134FD1163}.Debug|Any CPU.ActiveCfg = Debug|Any CPU
		{869B33BE-EEB8-4B29-A7D9-A77134FD1163}.Debug|Any CPU.Build.0 = Debug|Any CPU
		{869B33BE-EEB8-4B29-A7D9-A77134FD1163}.Release|Any CPU.ActiveCfg = Release|Any CPU
		{869B33BE-EEB8-4B29-A7D9-A77134FD1163}.Release|Any CPU.Build.0 = Release|Any CPU
	EndGlobalSection
	GlobalSection(SolutionProperties) = preSolution
		HideSolutionNode = FALSE
	EndGlobalSection
	GlobalSection(ExtensibilityGlobals) = postSolution
		SolutionGuid = {D413564A-F061-4F5D-B4CA-DF4A628D24EC}
	EndGlobalSection
EndGlobal
