
Microsoft Visual Studio Solution File, Format Version 12.00
# Visual Studio Version 17
VisualStudioVersion = 17.8.34330.188
MinimumVisualStudioVersion = 10.0.40219.1
Project("{FAE04EC0-301F-11D3-BF4B-00C04F79EFBC}") = "TownInfo", "TownInfo\TownInfo.csproj", "{088CF233-8E44-4BF0-BD2A-3FB44E478C54}"
EndProject
Global
	GlobalSection(SolutionConfigurationPlatforms) = preSolution
		Debug|Any CPU = Debug|Any CPU
		Release|Any CPU = Release|Any CPU
	EndGlobalSection
	GlobalSection(ProjectConfigurationPlatforms) = postSolution
		{088CF233-8E44-4BF0-BD2A-3FB44E478C54}.Debug|Any CPU.ActiveCfg = Debug|Any CPU
		{088CF233-8E44-4BF0-BD2A-3FB44E478C54}.Debug|Any CPU.Build.0 = Debug|Any CPU
		{088CF233-8E44-4BF0-BD2A-3FB44E478C54}.Release|Any CPU.ActiveCfg = Release|Any CPU
		{088CF233-8E44-4BF0-BD2A-3FB44E478C54}.Release|Any CPU.Build.0 = Release|Any CPU
	EndGlobalSection
	GlobalSection(SolutionProperties) = preSolution
		HideSolutionNode = FALSE
	EndGlobalSection
	GlobalSection(ExtensibilityGlobals) = postSolution
		SolutionGuid = {34467F31-1A81-484E-B325-42774194A41A}
	EndGlobalSection
EndGlobal
