
Microsoft Visual Studio Solution File, Format Version 12.00
# Visual Studio Version 17
VisualStudioVersion = 17.9.34723.18
MinimumVisualStudioVersion = 10.0.40219.1
Project("{FAE04EC0-301F-11D3-BF4B-00C04F79EFBC}") = "Problem01", "Problem01\Problem01.csproj", "{4C4288BB-C4C6-416D-8316-F85475D01A45}"
EndProject
Global
	GlobalSection(SolutionConfigurationPlatforms) = preSolution
		Debug|Any CPU = Debug|Any CPU
		Release|Any CPU = Release|Any CPU
	EndGlobalSection
	GlobalSection(ProjectConfigurationPlatforms) = postSolution
		{4C4288BB-C4C6-416D-8316-F85475D01A45}.Debug|Any CPU.ActiveCfg = Debug|Any CPU
		{4C4288BB-C4C6-416D-8316-F85475D01A45}.Debug|Any CPU.Build.0 = Debug|Any CPU
		{4C4288BB-C4C6-416D-8316-F85475D01A45}.Release|Any CPU.ActiveCfg = Release|Any CPU
		{4C4288BB-C4C6-416D-8316-F85475D01A45}.Release|Any CPU.Build.0 = Release|Any CPU
	EndGlobalSection
	GlobalSection(SolutionProperties) = preSolution
		HideSolutionNode = FALSE
	EndGlobalSection
	GlobalSection(ExtensibilityGlobals) = postSolution
		SolutionGuid = {FC2B4A82-96D6-40C8-9127-4039566F5FE3}
	EndGlobalSection
EndGlobal
