
Microsoft Visual Studio Solution File, Format Version 12.00
# Visual Studio Version 17
VisualStudioVersion = 17.9.34701.34
MinimumVisualStudioVersion = 10.0.40219.1
Project("{FAE04EC0-301F-11D3-BF4B-00C04F79EFBC}") = "CarManufacturer", "CarManufacturer\CarManufacturer.csproj", "{F5A130CE-ADA5-43A5-9189-338076216EBD}"
EndProject
Global
	GlobalSection(SolutionConfigurationPlatforms) = preSolution
		Debug|Any CPU = Debug|Any CPU
		Release|Any CPU = Release|Any CPU
	EndGlobalSection
	GlobalSection(ProjectConfigurationPlatforms) = postSolution
		{F5A130CE-ADA5-43A5-9189-338076216EBD}.Debug|Any CPU.ActiveCfg = Debug|Any CPU
		{F5A130CE-ADA5-43A5-9189-338076216EBD}.Debug|Any CPU.Build.0 = Debug|Any CPU
		{F5A130CE-ADA5-43A5-9189-338076216EBD}.Release|Any CPU.ActiveCfg = Release|Any CPU
		{F5A130CE-ADA5-43A5-9189-338076216EBD}.Release|Any CPU.Build.0 = Release|Any CPU
	EndGlobalSection
	GlobalSection(SolutionProperties) = preSolution
		HideSolutionNode = FALSE
	EndGlobalSection
	GlobalSection(ExtensibilityGlobals) = postSolution
		SolutionGuid = {59BB25D0-B5CE-4F5D-AB5F-6525A26C3F64}
	EndGlobalSection
EndGlobal
